
Microsoft Visual Studio Solution File, Format Version 12.00
# Visual Studio 15
VisualStudioVersion = 15.0.28307.1622
MinimumVisualStudioVersion = 10.0.40219.1
Project("{F184B08F-C81C-45F6-A57F-5ABD9991F28F}") = "Excel", "Excel\Excel.vbproj", "{70888D38-8D2B-40CD-B09C-47A731F23458}"
EndProject
Project("{F184B08F-C81C-45F6-A57F-5ABD9991F28F}") = "DistinctTable", "DistinctTable\DistinctTable.vbproj", "{FC343368-544C-43DF-9109-7DAB94568096}"
EndProject
Project("{F184B08F-C81C-45F6-A57F-5ABD9991F28F}") = "Excel2", "Excel2\Excel2.vbproj", "{E8FE10F0-270E-4301-A5E4-3863F89DD198}"
EndProject
Project("{F184B08F-C81C-45F6-A57F-5ABD9991F28F}") = "FoundAndSaveExcel", "FoundAndSaveExcel\FoundAndSaveExcel.vbproj", "{A8E5294B-6FC8-4996-BF77-B3E14CE2D7F9}"
EndProject
Project("{F184B08F-C81C-45F6-A57F-5ABD9991F28F}") = "ContractualCost", "ContractualCost\ContractualCost.vbproj", "{50CF5B48-8AAE-4955-A5C7-49390554A24A}"
EndProject
Project("{F184B08F-C81C-45F6-A57F-5ABD9991F28F}") = "InsertDatatable", "InsertDatatable\InsertDatatable.vbproj", "{245A5F60-750C-4F14-A592-6F024B65BF0A}"
EndProject
Project("{F184B08F-C81C-45F6-A57F-5ABD9991F28F}") = "FixTimeInTable", "FixTimeInTable\FixTimeInTable.vbproj", "{2ED82645-DA13-4CDD-BB7D-AADC96C63089}"
EndProject
Project("{F184B08F-C81C-45F6-A57F-5ABD9991F28F}") = "FixHeaders", "FixHeaders\FixHeaders.vbproj", "{88AB0F5A-BBE6-4B9E-845B-CD6367456268}"
EndProject
Project("{F184B08F-C81C-45F6-A57F-5ABD9991F28F}") = "ReadExcelSheetIntoDataTable", "ReadExcelSheetIntoDataTable\ReadExcelSheetIntoDataTable.vbproj", "{19BDDF89-2051-496E-9C7D-14243A0CF06C}"
EndProject
Project("{F184B08F-C81C-45F6-A57F-5ABD9991F28F}") = "TablePaymentTermsCode", "TablePaymentTermsCode\TablePaymentTermsCode.vbproj", "{2497BA4B-AB75-42D2-9E3E-7CFE81F68D7C}"
EndProject
Project("{F184B08F-C81C-45F6-A57F-5ABD9991F28F}") = "AnalyzeTableWork5", "AnalyzeTableWork5\AnalyzeTableWork5.vbproj", "{D55597CB-2DD3-4234-9364-BE14E831ADAB}"
EndProject
Project("{F184B08F-C81C-45F6-A57F-5ABD9991F28F}") = "SupplierPhoneNumberFix", "SupplierPhoneNumberFix\SupplierPhoneNumberFix.vbproj", "{247DE169-AD09-4889-AA45-425EC3918CF7}"
EndProject
Project("{F184B08F-C81C-45F6-A57F-5ABD9991F28F}") = "SimpleDataTable", "SimpleDataTable\SimpleDataTable.vbproj", "{DA398205-C1A8-4F8A-A57E-85F0BE7D6379}"
EndProject
Project("{F184B08F-C81C-45F6-A57F-5ABD9991F28F}") = "SummaryTable_SummaryOfContracts", "SummaryTable_SummaryOfContracts\SummaryTable_SummaryOfContracts.vbproj", "{50B66808-43DD-42B4-B1E8-3F3DD241EE43}"
EndProject
Project("{F184B08F-C81C-45F6-A57F-5ABD9991F28F}") = "EndExecutionTimeTableFix", "EndExecutionTimeTableFix\EndExecutionTimeTableFix.vbproj", "{63AF599A-336B-47C3-975F-25781D15C73F}"
EndProject
Project("{F184B08F-C81C-45F6-A57F-5ABD9991F28F}") = "DataTableWriteXml", "DataTableWriteXml\DataTableWriteXml.vbproj", "{E75DD6B9-AAA7-4702-AE7E-6127228B68A5}"
EndProject
Project("{F184B08F-C81C-45F6-A57F-5ABD9991F28F}") = "ExitSAP", "ExitSAP\ExitSAP.vbproj", "{A45ABE99-0105-4796-9DD9-5A25459F16F6}"
EndProject
Project("{F184B08F-C81C-45F6-A57F-5ABD9991F28F}") = "SummaryOfContracts", "SummaryOfContracts\SummaryOfContracts.vbproj", "{70679711-2542-4149-A6BA-4E42E5F26BDC}"
EndProject
Project("{F184B08F-C81C-45F6-A57F-5ABD9991F28F}") = "CreateTableWork6", "CreateTableWork6\CreateTableWork6.vbproj", "{A058354C-8D62-4454-97DF-7AE7B3E5D29B}"
EndProject
Project("{F184B08F-C81C-45F6-A57F-5ABD9991F28F}") = "UpdateTableSummaryOfContracts", "UpdateTableSummaryOfContracts\UpdateTableSummaryOfContracts.vbproj", "{2E84189A-B14F-4D32-B730-4D8BACC2D9D9}"
EndProject
Project("{F184B08F-C81C-45F6-A57F-5ABD9991F28F}") = "UpdateTableSummaryOfPrice", "UpdateTableSummaryOfPrice\UpdateTableSummaryOfPrice.vbproj", "{62F02126-3F48-44B7-9D5E-4F7E7B2BDDC9}"
EndProject
Project("{F184B08F-C81C-45F6-A57F-5ABD9991F28F}") = "UpdateTableParkedBlocked", "UpdateTableParkedBlocked\UpdateTableParkedBlocked.vbproj", "{3FD3F375-6D77-4EB0-A889-1F09BC8D5B23}"
EndProject
Global
	GlobalSection(SolutionConfigurationPlatforms) = preSolution
		Debug|Any CPU = Debug|Any CPU
		Release|Any CPU = Release|Any CPU
	EndGlobalSection
	GlobalSection(ProjectConfigurationPlatforms) = postSolution
		{70888D38-8D2B-40CD-B09C-47A731F23458}.Debug|Any CPU.ActiveCfg = Debug|Any CPU
		{70888D38-8D2B-40CD-B09C-47A731F23458}.Debug|Any CPU.Build.0 = Debug|Any CPU
		{70888D38-8D2B-40CD-B09C-47A731F23458}.Release|Any CPU.ActiveCfg = Release|Any CPU
		{70888D38-8D2B-40CD-B09C-47A731F23458}.Release|Any CPU.Build.0 = Release|Any CPU
		{FC343368-544C-43DF-9109-7DAB94568096}.Debug|Any CPU.ActiveCfg = Debug|Any CPU
		{FC343368-544C-43DF-9109-7DAB94568096}.Debug|Any CPU.Build.0 = Debug|Any CPU
		{FC343368-544C-43DF-9109-7DAB94568096}.Release|Any CPU.ActiveCfg = Release|Any CPU
		{FC343368-544C-43DF-9109-7DAB94568096}.Release|Any CPU.Build.0 = Release|Any CPU
		{E8FE10F0-270E-4301-A5E4-3863F89DD198}.Debug|Any CPU.ActiveCfg = Debug|Any CPU
		{E8FE10F0-270E-4301-A5E4-3863F89DD198}.Debug|Any CPU.Build.0 = Debug|Any CPU
		{E8FE10F0-270E-4301-A5E4-3863F89DD198}.Release|Any CPU.ActiveCfg = Release|Any CPU
		{E8FE10F0-270E-4301-A5E4-3863F89DD198}.Release|Any CPU.Build.0 = Release|Any CPU
		{A8E5294B-6FC8-4996-BF77-B3E14CE2D7F9}.Debug|Any CPU.ActiveCfg = Debug|Any CPU
		{A8E5294B-6FC8-4996-BF77-B3E14CE2D7F9}.Debug|Any CPU.Build.0 = Debug|Any CPU
		{A8E5294B-6FC8-4996-BF77-B3E14CE2D7F9}.Release|Any CPU.ActiveCfg = Release|Any CPU
		{A8E5294B-6FC8-4996-BF77-B3E14CE2D7F9}.Release|Any CPU.Build.0 = Release|Any CPU
		{50CF5B48-8AAE-4955-A5C7-49390554A24A}.Debug|Any CPU.ActiveCfg = Debug|Any CPU
		{50CF5B48-8AAE-4955-A5C7-49390554A24A}.Debug|Any CPU.Build.0 = Debug|Any CPU
		{50CF5B48-8AAE-4955-A5C7-49390554A24A}.Release|Any CPU.ActiveCfg = Release|Any CPU
		{50CF5B48-8AAE-4955-A5C7-49390554A24A}.Release|Any CPU.Build.0 = Release|Any CPU
		{245A5F60-750C-4F14-A592-6F024B65BF0A}.Debug|Any CPU.ActiveCfg = Debug|Any CPU
		{245A5F60-750C-4F14-A592-6F024B65BF0A}.Debug|Any CPU.Build.0 = Debug|Any CPU
		{245A5F60-750C-4F14-A592-6F024B65BF0A}.Release|Any CPU.ActiveCfg = Release|Any CPU
		{245A5F60-750C-4F14-A592-6F024B65BF0A}.Release|Any CPU.Build.0 = Release|Any CPU
		{2ED82645-DA13-4CDD-BB7D-AADC96C63089}.Debug|Any CPU.ActiveCfg = Debug|Any CPU
		{2ED82645-DA13-4CDD-BB7D-AADC96C63089}.Debug|Any CPU.Build.0 = Debug|Any CPU
		{2ED82645-DA13-4CDD-BB7D-AADC96C63089}.Release|Any CPU.ActiveCfg = Release|Any CPU
		{2ED82645-DA13-4CDD-BB7D-AADC96C63089}.Release|Any CPU.Build.0 = Release|Any CPU
		{88AB0F5A-BBE6-4B9E-845B-CD6367456268}.Debug|Any CPU.ActiveCfg = Debug|Any CPU
		{88AB0F5A-BBE6-4B9E-845B-CD6367456268}.Debug|Any CPU.Build.0 = Debug|Any CPU
		{88AB0F5A-BBE6-4B9E-845B-CD6367456268}.Release|Any CPU.ActiveCfg = Release|Any CPU
		{88AB0F5A-BBE6-4B9E-845B-CD6367456268}.Release|Any CPU.Build.0 = Release|Any CPU
		{19BDDF89-2051-496E-9C7D-14243A0CF06C}.Debug|Any CPU.ActiveCfg = Debug|Any CPU
		{19BDDF89-2051-496E-9C7D-14243A0CF06C}.Debug|Any CPU.Build.0 = Debug|Any CPU
		{19BDDF89-2051-496E-9C7D-14243A0CF06C}.Release|Any CPU.ActiveCfg = Release|Any CPU
		{19BDDF89-2051-496E-9C7D-14243A0CF06C}.Release|Any CPU.Build.0 = Release|Any CPU
		{2497BA4B-AB75-42D2-9E3E-7CFE81F68D7C}.Debug|Any CPU.ActiveCfg = Debug|Any CPU
		{2497BA4B-AB75-42D2-9E3E-7CFE81F68D7C}.Debug|Any CPU.Build.0 = Debug|Any CPU
		{2497BA4B-AB75-42D2-9E3E-7CFE81F68D7C}.Release|Any CPU.ActiveCfg = Release|Any CPU
		{2497BA4B-AB75-42D2-9E3E-7CFE81F68D7C}.Release|Any CPU.Build.0 = Release|Any CPU
		{D55597CB-2DD3-4234-9364-BE14E831ADAB}.Debug|Any CPU.ActiveCfg = Debug|Any CPU
		{D55597CB-2DD3-4234-9364-BE14E831ADAB}.Debug|Any CPU.Build.0 = Debug|Any CPU
		{D55597CB-2DD3-4234-9364-BE14E831ADAB}.Release|Any CPU.ActiveCfg = Release|Any CPU
		{D55597CB-2DD3-4234-9364-BE14E831ADAB}.Release|Any CPU.Build.0 = Release|Any CPU
		{247DE169-AD09-4889-AA45-425EC3918CF7}.Debug|Any CPU.ActiveCfg = Debug|Any CPU
		{247DE169-AD09-4889-AA45-425EC3918CF7}.Debug|Any CPU.Build.0 = Debug|Any CPU
		{247DE169-AD09-4889-AA45-425EC3918CF7}.Release|Any CPU.ActiveCfg = Release|Any CPU
		{247DE169-AD09-4889-AA45-425EC3918CF7}.Release|Any CPU.Build.0 = Release|Any CPU
		{DA398205-C1A8-4F8A-A57E-85F0BE7D6379}.Debug|Any CPU.ActiveCfg = Debug|Any CPU
		{DA398205-C1A8-4F8A-A57E-85F0BE7D6379}.Debug|Any CPU.Build.0 = Debug|Any CPU
		{DA398205-C1A8-4F8A-A57E-85F0BE7D6379}.Release|Any CPU.ActiveCfg = Release|Any CPU
		{DA398205-C1A8-4F8A-A57E-85F0BE7D6379}.Release|Any CPU.Build.0 = Release|Any CPU
		{50B66808-43DD-42B4-B1E8-3F3DD241EE43}.Debug|Any CPU.ActiveCfg = Debug|Any CPU
		{50B66808-43DD-42B4-B1E8-3F3DD241EE43}.Debug|Any CPU.Build.0 = Debug|Any CPU
		{50B66808-43DD-42B4-B1E8-3F3DD241EE43}.Release|Any CPU.ActiveCfg = Release|Any CPU
		{50B66808-43DD-42B4-B1E8-3F3DD241EE43}.Release|Any CPU.Build.0 = Release|Any CPU
		{63AF599A-336B-47C3-975F-25781D15C73F}.Debug|Any CPU.ActiveCfg = Debug|Any CPU
		{63AF599A-336B-47C3-975F-25781D15C73F}.Debug|Any CPU.Build.0 = Debug|Any CPU
		{63AF599A-336B-47C3-975F-25781D15C73F}.Release|Any CPU.ActiveCfg = Release|Any CPU
		{63AF599A-336B-47C3-975F-25781D15C73F}.Release|Any CPU.Build.0 = Release|Any CPU
		{E75DD6B9-AAA7-4702-AE7E-6127228B68A5}.Debug|Any CPU.ActiveCfg = Debug|Any CPU
		{E75DD6B9-AAA7-4702-AE7E-6127228B68A5}.Debug|Any CPU.Build.0 = Debug|Any CPU
		{E75DD6B9-AAA7-4702-AE7E-6127228B68A5}.Release|Any CPU.ActiveCfg = Release|Any CPU
		{E75DD6B9-AAA7-4702-AE7E-6127228B68A5}.Release|Any CPU.Build.0 = Release|Any CPU
		{A45ABE99-0105-4796-9DD9-5A25459F16F6}.Debug|Any CPU.ActiveCfg = Debug|Any CPU
		{A45ABE99-0105-4796-9DD9-5A25459F16F6}.Debug|Any CPU.Build.0 = Debug|Any CPU
		{A45ABE99-0105-4796-9DD9-5A25459F16F6}.Release|Any CPU.ActiveCfg = Release|Any CPU
		{A45ABE99-0105-4796-9DD9-5A25459F16F6}.Release|Any CPU.Build.0 = Release|Any CPU
		{70679711-2542-4149-A6BA-4E42E5F26BDC}.Debug|Any CPU.ActiveCfg = Debug|Any CPU
		{70679711-2542-4149-A6BA-4E42E5F26BDC}.Debug|Any CPU.Build.0 = Debug|Any CPU
		{70679711-2542-4149-A6BA-4E42E5F26BDC}.Release|Any CPU.ActiveCfg = Release|Any CPU
		{70679711-2542-4149-A6BA-4E42E5F26BDC}.Release|Any CPU.Build.0 = Release|Any CPU
		{A058354C-8D62-4454-97DF-7AE7B3E5D29B}.Debug|Any CPU.ActiveCfg = Debug|Any CPU
		{A058354C-8D62-4454-97DF-7AE7B3E5D29B}.Debug|Any CPU.Build.0 = Debug|Any CPU
		{A058354C-8D62-4454-97DF-7AE7B3E5D29B}.Release|Any CPU.ActiveCfg = Release|Any CPU
		{A058354C-8D62-4454-97DF-7AE7B3E5D29B}.Release|Any CPU.Build.0 = Release|Any CPU
		{2E84189A-B14F-4D32-B730-4D8BACC2D9D9}.Debug|Any CPU.ActiveCfg = Debug|Any CPU
		{2E84189A-B14F-4D32-B730-4D8BACC2D9D9}.Debug|Any CPU.Build.0 = Debug|Any CPU
		{2E84189A-B14F-4D32-B730-4D8BACC2D9D9}.Release|Any CPU.ActiveCfg = Release|Any CPU
		{2E84189A-B14F-4D32-B730-4D8BACC2D9D9}.Release|Any CPU.Build.0 = Release|Any CPU
		{62F02126-3F48-44B7-9D5E-4F7E7B2BDDC9}.Debug|Any CPU.ActiveCfg = Debug|Any CPU
		{62F02126-3F48-44B7-9D5E-4F7E7B2BDDC9}.Debug|Any CPU.Build.0 = Debug|Any CPU
		{62F02126-3F48-44B7-9D5E-4F7E7B2BDDC9}.Release|Any CPU.ActiveCfg = Release|Any CPU
		{62F02126-3F48-44B7-9D5E-4F7E7B2BDDC9}.Release|Any CPU.Build.0 = Release|Any CPU
		{3FD3F375-6D77-4EB0-A889-1F09BC8D5B23}.Debug|Any CPU.ActiveCfg = Debug|Any CPU
		{3FD3F375-6D77-4EB0-A889-1F09BC8D5B23}.Debug|Any CPU.Build.0 = Debug|Any CPU
		{3FD3F375-6D77-4EB0-A889-1F09BC8D5B23}.Release|Any CPU.ActiveCfg = Release|Any CPU
		{3FD3F375-6D77-4EB0-A889-1F09BC8D5B23}.Release|Any CPU.Build.0 = Release|Any CPU
	EndGlobalSection
	GlobalSection(SolutionProperties) = preSolution
		HideSolutionNode = FALSE
	EndGlobalSection
	GlobalSection(ExtensibilityGlobals) = postSolution
		SolutionGuid = {24A027AC-F41A-4D54-8AE6-F0D7F441BB49}
	EndGlobalSection
EndGlobal
